
Microsoft Visual Studio Solution File, Format Version 12.00
# Visual Studio Version 17
VisualStudioVersion = 17.4.33213.308
MinimumVisualStudioVersion = 10.0.40219.1
Project("{FAE04EC0-301F-11D3-BF4B-00C04F79EFBC}") = "TrackerLibrary", "TrackerLibrary\TrackerLibrary.csproj", "{80577949-FF89-42E0-B0FF-4263062DB858}"
EndProject
Project("{FAE04EC0-301F-11D3-BF4B-00C04F79EFBC}") = "TrackerUI", "TrackerUI\TrackerUI.csproj", "{4CB363B2-D76D-4BA0-B150-F87A3C15D9C7}"
EndProject
Global
	GlobalSection(SolutionConfigurationPlatforms) = preSolution
		Debug|Any CPU = Debug|Any CPU
		Release|Any CPU = Release|Any CPU
	EndGlobalSection
	GlobalSection(ProjectConfigurationPlatforms) = postSolution
		{80577949-FF89-42E0-B0FF-4263062DB858}.Debug|Any CPU.ActiveCfg = Debug|Any CPU
		{80577949-FF89-42E0-B0FF-4263062DB858}.Debug|Any CPU.Build.0 = Debug|Any CPU
		{80577949-FF89-42E0-B0FF-4263062DB858}.Release|Any CPU.ActiveCfg = Release|Any CPU
		{80577949-FF89-42E0-B0FF-4263062DB858}.Release|Any CPU.Build.0 = Release|Any CPU
		{4CB363B2-D76D-4BA0-B150-F87A3C15D9C7}.Debug|Any CPU.ActiveCfg = Debug|Any CPU
		{4CB363B2-D76D-4BA0-B150-F87A3C15D9C7}.Debug|Any CPU.Build.0 = Debug|Any CPU
		{4CB363B2-D76D-4BA0-B150-F87A3C15D9C7}.Release|Any CPU.ActiveCfg = Release|Any CPU
		{4CB363B2-D76D-4BA0-B150-F87A3C15D9C7}.Release|Any CPU.Build.0 = Release|Any CPU
	EndGlobalSection
	GlobalSection(SolutionProperties) = preSolution
		HideSolutionNode = FALSE
	EndGlobalSection
	GlobalSection(ExtensibilityGlobals) = postSolution
		SolutionGuid = {AD29927D-73EC-451B-BD99-749ADB0BC580}
	EndGlobalSection
EndGlobal
